{
  "version": 4,
  "terraform_version": "1.5.6",
  "serial": 103,
  "lineage": "4a33379f-f27f-8609-e362-fe13d874d644",
  "outputs": {},
  "resources": [
    {
      "mode": "managed",
      "type": "aws_key_pair",
      "name": "key_instance",
      "provider": "provider[\"registry.terraform.io/hashicorp/aws\"]",
      "instances": [
        {
          "schema_version": 1,
          "attributes": {
            "arn": "arn:aws:ec2:us-east-1:562829762205:key-pair/nexly-key",
            "fingerprint": "f9:57:34:19:0a:f6:b4:b1:b1:54:bc:a1:06:a9:8e:c3",
            "id": "nexly-key",
            "key_name": "nexly-key",
            "key_name_prefix": "",
            "key_pair_id": "key-0f28c021416702de9",
            "key_type": "rsa",
            "public_key": "ssh-rsa AAAAB3NzaC1yc2EAAAADAQABAAABgQDQssU4ZckKq3ndmBvZpg6yPuWzBZDDPDjlCGRjFj6KnqfM6hHT4vKVL6kNKhXgv6c98mac8CzHxkiZ+jRxRKHjtjdFdGUmZU3+rbLzhosmjAkmJHP3bWGa4celEzkt6eBHxk32wAwi/M9RoBhsaiQeZ8i0xm3YiS5FkEYOkX7tbf5XfNe2iarCaNkM7FnOW6zgbuCi8zbKSWlgV0DdeoC4KMvoF5P9yI7gKPBi5gv4gCEZqQ1jWX0iT3vXdFDso3ulNTFT5mNlSXClKuE06A95lzfdiR6JllCkqVsy6//aEVrC3XsxIfHG30UftGWFRZ0o0PltzjRj4AqZJuF2vbA4gUurPDE1W4TGzfYJ5eaK4EvX397kzSNVRRjtU6jaomr+SiM49K8UuIoYX4z4x18fPI5bpcSdRuhufiUeCI3JFrjfcUmzh/jUJA3KVBKXYON1hcUea4FEbedm1lF7I5bN5MiQV8ze70ogkj+iqw5hdiEyXtpbiI2NWwvb6Phq5eU= root@raul-Lenovo-G40-80",
            "tags": {},
            "tags_all": {}
          },
          "sensitive_attributes": [],
          "private": "eyJzY2hlbWFfdmVyc2lvbiI6IjEifQ=="
        }
      ]
    },
    {
      "mode": "managed",
      "type": "aws_s3_bucket",
      "name": "nexly_bucket_document",
      "provider": "provider[\"registry.terraform.io/hashicorp/aws\"]",
      "instances": [
        {
          "schema_version": 0,
          "attributes": {
            "acceleration_status": "",
            "acl": null,
            "arn": "arn:aws:s3:::nexly-documents-001",
            "bucket": "nexly-documents-001",
            "bucket_domain_name": "nexly-documents-001.s3.amazonaws.com",
            "bucket_prefix": "",
            "bucket_regional_domain_name": "nexly-documents-001.s3.us-east-1.amazonaws.com",
            "cors_rule": [],
            "force_destroy": false,
            "grant": [
              {
                "id": "52b8ea869e9d0f7364df1e64c744e15a5139d7f456d2304a1902e5b558f4b4c6",
                "permissions": [
                  "FULL_CONTROL"
                ],
                "type": "CanonicalUser",
                "uri": ""
              }
            ],
            "hosted_zone_id": "Z3AQBSTGFYJSTF",
            "id": "nexly-documents-001",
            "lifecycle_rule": [],
            "logging": [],
            "object_lock_configuration": [],
            "object_lock_enabled": false,
            "policy": "",
            "region": "us-east-1",
            "replication_configuration": [],
            "request_payer": "BucketOwner",
            "server_side_encryption_configuration": [
              {
                "rule": [
                  {
                    "apply_server_side_encryption_by_default": [
                      {
                        "kms_master_key_id": "",
                        "sse_algorithm": "AES256"
                      }
                    ],
                    "bucket_key_enabled": false
                  }
                ]
              }
            ],
            "tags": {
              "Environment": "Dev e prod",
              "Menage": "Terraform",
              "Name": "Bucket para upload de docs",
              "Owner": "RyanD3g"
            },
            "tags_all": {
              "Environment": "Dev e prod",
              "Menage": "Terraform",
              "Name": "Bucket para upload de docs",
              "Owner": "RyanD3g"
            },
            "timeouts": null,
            "versioning": [
              {
                "enabled": false,
                "mfa_delete": false
              }
            ],
            "website": [],
            "website_domain": null,
            "website_endpoint": null
          },
          "sensitive_attributes": [],
          "private": "eyJlMmJmYjczMC1lY2FhLTExZTYtOGY4OC0zNDM2M2JjN2M0YzAiOnsiY3JlYXRlIjoxMjAwMDAwMDAwMDAwLCJkZWxldGUiOjM2MDAwMDAwMDAwMDAsInJlYWQiOjEyMDAwMDAwMDAwMDAsInVwZGF0ZSI6MTIwMDAwMDAwMDAwMH19"
        }
      ]
    },
    {
      "mode": "managed",
      "type": "aws_s3_bucket",
      "name": "nexly_bucket_lessons_producer",
      "provider": "provider[\"registry.terraform.io/hashicorp/aws\"]",
      "instances": [
        {
          "schema_version": 0,
          "attributes": {
            "acceleration_status": "",
            "acl": null,
            "arn": "arn:aws:s3:::nexly-lessons-producer-001",
            "bucket": "nexly-lessons-producer-001",
            "bucket_domain_name": "nexly-lessons-producer-001.s3.amazonaws.com",
            "bucket_prefix": "",
            "bucket_regional_domain_name": "nexly-lessons-producer-001.s3.us-east-1.amazonaws.com",
            "cors_rule": [],
            "force_destroy": false,
            "grant": [
              {
                "id": "52b8ea869e9d0f7364df1e64c744e15a5139d7f456d2304a1902e5b558f4b4c6",
                "permissions": [
                  "FULL_CONTROL"
                ],
                "type": "CanonicalUser",
                "uri": ""
              }
            ],
            "hosted_zone_id": "Z3AQBSTGFYJSTF",
            "id": "nexly-lessons-producer-001",
            "lifecycle_rule": [],
            "logging": [],
            "object_lock_configuration": [],
            "object_lock_enabled": false,
            "policy": "",
            "region": "us-east-1",
            "replication_configuration": [],
            "request_payer": "BucketOwner",
            "server_side_encryption_configuration": [
              {
                "rule": [
                  {
                    "apply_server_side_encryption_by_default": [
                      {
                        "kms_master_key_id": "",
                        "sse_algorithm": "AES256"
                      }
                    ],
                    "bucket_key_enabled": false
                  }
                ]
              }
            ],
            "tags": {
              "Environment": "Dev e prod",
              "Menage": "Terraform",
              "Name": "Bucket para upload de imagens de produtores",
              "Owner": "RyanD3g"
            },
            "tags_all": {
              "Environment": "Dev e prod",
              "Menage": "Terraform",
              "Name": "Bucket para upload de imagens de produtores",
              "Owner": "RyanD3g"
            },
            "timeouts": null,
            "versioning": [
              {
                "enabled": false,
                "mfa_delete": false
              }
            ],
            "website": [],
            "website_domain": null,
            "website_endpoint": null
          },
          "sensitive_attributes": [],
          "private": "eyJlMmJmYjczMC1lY2FhLTExZTYtOGY4OC0zNDM2M2JjN2M0YzAiOnsiY3JlYXRlIjoxMjAwMDAwMDAwMDAwLCJkZWxldGUiOjM2MDAwMDAwMDAwMDAsInJlYWQiOjEyMDAwMDAwMDAwMDAsInVwZGF0ZSI6MTIwMDAwMDAwMDAwMH19"
        }
      ]
    },
    {
      "mode": "managed",
      "type": "aws_s3_bucket",
      "name": "nexly_bucket_profile_image_producer",
      "provider": "provider[\"registry.terraform.io/hashicorp/aws\"]",
      "instances": [
        {
          "schema_version": 0,
          "attributes": {
            "acceleration_status": "",
            "acl": null,
            "arn": "arn:aws:s3:::nexly-profile-images-producer-001",
            "bucket": "nexly-profile-images-producer-001",
            "bucket_domain_name": "nexly-profile-images-producer-001.s3.amazonaws.com",
            "bucket_prefix": "",
            "bucket_regional_domain_name": "nexly-profile-images-producer-001.s3.us-east-1.amazonaws.com",
            "cors_rule": [],
            "force_destroy": false,
            "grant": [
              {
                "id": "52b8ea869e9d0f7364df1e64c744e15a5139d7f456d2304a1902e5b558f4b4c6",
                "permissions": [
                  "FULL_CONTROL"
                ],
                "type": "CanonicalUser",
                "uri": ""
              }
            ],
            "hosted_zone_id": "Z3AQBSTGFYJSTF",
            "id": "nexly-profile-images-producer-001",
            "lifecycle_rule": [],
            "logging": [],
            "object_lock_configuration": [],
            "object_lock_enabled": false,
            "policy": "",
            "region": "us-east-1",
            "replication_configuration": [],
            "request_payer": "BucketOwner",
            "server_side_encryption_configuration": [
              {
                "rule": [
                  {
                    "apply_server_side_encryption_by_default": [
                      {
                        "kms_master_key_id": "",
                        "sse_algorithm": "AES256"
                      }
                    ],
                    "bucket_key_enabled": false
                  }
                ]
              }
            ],
            "tags": {
              "Environment": "Dev e prod",
              "Menage": "Terraform",
              "Name": "Bucket para upload de imagens de produtores",
              "Owner": "RyanD3g"
            },
            "tags_all": {
              "Environment": "Dev e prod",
              "Menage": "Terraform",
              "Name": "Bucket para upload de imagens de produtores",
              "Owner": "RyanD3g"
            },
            "timeouts": null,
            "versioning": [
              {
                "enabled": false,
                "mfa_delete": false
              }
            ],
            "website": [],
            "website_domain": null,
            "website_endpoint": null
          },
          "sensitive_attributes": [],
          "private": "eyJlMmJmYjczMC1lY2FhLTExZTYtOGY4OC0zNDM2M2JjN2M0YzAiOnsiY3JlYXRlIjoxMjAwMDAwMDAwMDAwLCJkZWxldGUiOjM2MDAwMDAwMDAwMDAsInJlYWQiOjEyMDAwMDAwMDAwMDAsInVwZGF0ZSI6MTIwMDAwMDAwMDAwMH19"
        }
      ]
    },
    {
      "mode": "managed",
      "type": "aws_s3_bucket",
      "name": "nexly_bucket_profile_image_students",
      "provider": "provider[\"registry.terraform.io/hashicorp/aws\"]",
      "instances": [
        {
          "schema_version": 0,
          "attributes": {
            "acceleration_status": "",
            "acl": null,
            "arn": "arn:aws:s3:::nexly-profile-images-students-001",
            "bucket": "nexly-profile-images-students-001",
            "bucket_domain_name": "nexly-profile-images-students-001.s3.amazonaws.com",
            "bucket_prefix": "",
            "bucket_regional_domain_name": "nexly-profile-images-students-001.s3.us-east-1.amazonaws.com",
            "cors_rule": [],
            "force_destroy": false,
            "grant": [
              {
                "id": "52b8ea869e9d0f7364df1e64c744e15a5139d7f456d2304a1902e5b558f4b4c6",
                "permissions": [
                  "FULL_CONTROL"
                ],
                "type": "CanonicalUser",
                "uri": ""
              }
            ],
            "hosted_zone_id": "Z3AQBSTGFYJSTF",
            "id": "nexly-profile-images-students-001",
            "lifecycle_rule": [],
            "logging": [],
            "object_lock_configuration": [],
            "object_lock_enabled": false,
            "policy": "",
            "region": "us-east-1",
            "replication_configuration": [],
            "request_payer": "BucketOwner",
            "server_side_encryption_configuration": [
              {
                "rule": [
                  {
                    "apply_server_side_encryption_by_default": [
                      {
                        "kms_master_key_id": "",
                        "sse_algorithm": "AES256"
                      }
                    ],
                    "bucket_key_enabled": false
                  }
                ]
              }
            ],
            "tags": {
              "Environment": "Dev e prod",
              "Menage": "Terraform",
              "Name": "Bucket para upload de imagens de estudantes ou usuarios",
              "Owner": "RyanD3g"
            },
            "tags_all": {
              "Environment": "Dev e prod",
              "Menage": "Terraform",
              "Name": "Bucket para upload de imagens de estudantes ou usuarios",
              "Owner": "RyanD3g"
            },
            "timeouts": null,
            "versioning": [
              {
                "enabled": false,
                "mfa_delete": false
              }
            ],
            "website": [],
            "website_domain": null,
            "website_endpoint": null
          },
          "sensitive_attributes": [],
          "private": "eyJlMmJmYjczMC1lY2FhLTExZTYtOGY4OC0zNDM2M2JjN2M0YzAiOnsiY3JlYXRlIjoxMjAwMDAwMDAwMDAwLCJkZWxldGUiOjM2MDAwMDAwMDAwMDAsInJlYWQiOjEyMDAwMDAwMDAwMDAsInVwZGF0ZSI6MTIwMDAwMDAwMDAwMH19"
        }
      ]
    },
    {
      "mode": "managed",
      "type": "aws_s3_bucket_acl",
      "name": "acls_documentos",
      "provider": "provider[\"registry.terraform.io/hashicorp/aws\"]",
      "instances": [
        {
          "schema_version": 0,
          "attributes": {
            "access_control_policy": [
              {
                "grant": [
                  {
                    "grantee": [
                      {
                        "display_name": "comercial",
                        "email_address": "",
                        "id": "52b8ea869e9d0f7364df1e64c744e15a5139d7f456d2304a1902e5b558f4b4c6",
                        "type": "CanonicalUser",
                        "uri": ""
                      }
                    ],
                    "permission": "FULL_CONTROL"
                  }
                ],
                "owner": [
                  {
                    "display_name": "comercial",
                    "id": "52b8ea869e9d0f7364df1e64c744e15a5139d7f456d2304a1902e5b558f4b4c6"
                  }
                ]
              }
            ],
            "acl": "private",
            "bucket": "nexly-documents-001",
            "expected_bucket_owner": "",
            "id": "nexly-documents-001,private"
          },
          "sensitive_attributes": [],
          "private": "bnVsbA==",
          "dependencies": [
            "aws_s3_bucket.nexly_bucket_document",
            "aws_s3_bucket_ownership_controls.controle_de_propriedade_documentos",
            "aws_s3_bucket_public_access_block.controle_de_acls_documentos"
          ]
        }
      ]
    },
    {
      "mode": "managed",
      "type": "aws_s3_bucket_acl",
      "name": "acls_lessons",
      "provider": "provider[\"registry.terraform.io/hashicorp/aws\"]",
      "instances": [
        {
          "schema_version": 0,
          "attributes": {
            "access_control_policy": [
              {
                "grant": [
                  {
                    "grantee": [
                      {
                        "display_name": "comercial",
                        "email_address": "",
                        "id": "52b8ea869e9d0f7364df1e64c744e15a5139d7f456d2304a1902e5b558f4b4c6",
                        "type": "CanonicalUser",
                        "uri": ""
                      }
                    ],
                    "permission": "FULL_CONTROL"
                  }
                ],
                "owner": [
                  {
                    "display_name": "comercial",
                    "id": "52b8ea869e9d0f7364df1e64c744e15a5139d7f456d2304a1902e5b558f4b4c6"
                  }
                ]
              }
            ],
            "acl": "private",
            "bucket": "nexly-lessons-producer-001",
            "expected_bucket_owner": "",
            "id": "nexly-lessons-producer-001,private"
          },
          "sensitive_attributes": [],
          "private": "bnVsbA==",
          "dependencies": [
            "aws_s3_bucket.nexly_bucket_lessons_producer",
            "aws_s3_bucket_ownership_controls.controle_de_propriedade_lessons",
            "aws_s3_bucket_public_access_block.controle_de_acls_lessons"
          ]
        }
      ]
    },
    {
      "mode": "managed",
      "type": "aws_s3_bucket_acl",
      "name": "acls_producer",
      "provider": "provider[\"registry.terraform.io/hashicorp/aws\"]",
      "instances": [
        {
          "schema_version": 0,
          "attributes": {
            "access_control_policy": [
              {
                "grant": [
                  {
                    "grantee": [
                      {
                        "display_name": "comercial",
                        "email_address": "",
                        "id": "52b8ea869e9d0f7364df1e64c744e15a5139d7f456d2304a1902e5b558f4b4c6",
                        "type": "CanonicalUser",
                        "uri": ""
                      }
                    ],
                    "permission": "FULL_CONTROL"
                  }
                ],
                "owner": [
                  {
                    "display_name": "comercial",
                    "id": "52b8ea869e9d0f7364df1e64c744e15a5139d7f456d2304a1902e5b558f4b4c6"
                  }
                ]
              }
            ],
            "acl": "private",
            "bucket": "nexly-profile-images-producer-001",
            "expected_bucket_owner": "",
            "id": "nexly-profile-images-producer-001,private"
          },
          "sensitive_attributes": [],
          "private": "bnVsbA==",
          "dependencies": [
            "aws_s3_bucket.nexly_bucket_profile_image_producer",
            "aws_s3_bucket_ownership_controls.controle_de_propriedade_producer",
            "aws_s3_bucket_public_access_block.controle_de_acls_producer"
          ]
        }
      ]
    },
    {
      "mode": "managed",
      "type": "aws_s3_bucket_acl",
      "name": "acls_students",
      "provider": "provider[\"registry.terraform.io/hashicorp/aws\"]",
      "instances": [
        {
          "schema_version": 0,
          "attributes": {
            "access_control_policy": [
              {
                "grant": [
                  {
                    "grantee": [
                      {
                        "display_name": "comercial",
                        "email_address": "",
                        "id": "52b8ea869e9d0f7364df1e64c744e15a5139d7f456d2304a1902e5b558f4b4c6",
                        "type": "CanonicalUser",
                        "uri": ""
                      }
                    ],
                    "permission": "FULL_CONTROL"
                  }
                ],
                "owner": [
                  {
                    "display_name": "comercial",
                    "id": "52b8ea869e9d0f7364df1e64c744e15a5139d7f456d2304a1902e5b558f4b4c6"
                  }
                ]
              }
            ],
            "acl": "private",
            "bucket": "nexly-profile-images-students-001",
            "expected_bucket_owner": "",
            "id": "nexly-profile-images-students-001,private"
          },
          "sensitive_attributes": [],
          "private": "bnVsbA==",
          "dependencies": [
            "aws_s3_bucket.nexly_bucket_profile_image_students",
            "aws_s3_bucket_ownership_controls.controle_de_propriedade_students",
            "aws_s3_bucket_public_access_block.controle_de_acls_students"
          ]
        }
      ]
    },
    {
      "mode": "managed",
      "type": "aws_s3_bucket_ownership_controls",
      "name": "controle_de_propriedade_documentos",
      "provider": "provider[\"registry.terraform.io/hashicorp/aws\"]",
      "instances": [
        {
          "schema_version": 0,
          "attributes": {
            "bucket": "nexly-documents-001",
            "id": "nexly-documents-001",
            "rule": [
              {
                "object_ownership": "BucketOwnerPreferred"
              }
            ]
          },
          "sensitive_attributes": [],
          "private": "bnVsbA==",
          "dependencies": [
            "aws_s3_bucket.nexly_bucket_document"
          ]
        }
      ]
    },
    {
      "mode": "managed",
      "type": "aws_s3_bucket_ownership_controls",
      "name": "controle_de_propriedade_lessons",
      "provider": "provider[\"registry.terraform.io/hashicorp/aws\"]",
      "instances": [
        {
          "schema_version": 0,
          "attributes": {
            "bucket": "nexly-lessons-producer-001",
            "id": "nexly-lessons-producer-001",
            "rule": [
              {
                "object_ownership": "BucketOwnerPreferred"
              }
            ]
          },
          "sensitive_attributes": [],
          "private": "bnVsbA==",
          "dependencies": [
            "aws_s3_bucket.nexly_bucket_lessons_producer"
          ]
        }
      ]
    },
    {
      "mode": "managed",
      "type": "aws_s3_bucket_ownership_controls",
      "name": "controle_de_propriedade_producer",
      "provider": "provider[\"registry.terraform.io/hashicorp/aws\"]",
      "instances": [
        {
          "schema_version": 0,
          "attributes": {
            "bucket": "nexly-profile-images-producer-001",
            "id": "nexly-profile-images-producer-001",
            "rule": [
              {
                "object_ownership": "BucketOwnerPreferred"
              }
            ]
          },
          "sensitive_attributes": [],
          "private": "bnVsbA==",
          "dependencies": [
            "aws_s3_bucket.nexly_bucket_profile_image_producer"
          ]
        }
      ]
    },
    {
      "mode": "managed",
      "type": "aws_s3_bucket_ownership_controls",
      "name": "controle_de_propriedade_students",
      "provider": "provider[\"registry.terraform.io/hashicorp/aws\"]",
      "instances": [
        {
          "schema_version": 0,
          "attributes": {
            "bucket": "nexly-profile-images-students-001",
            "id": "nexly-profile-images-students-001",
            "rule": [
              {
                "object_ownership": "BucketOwnerPreferred"
              }
            ]
          },
          "sensitive_attributes": [],
          "private": "bnVsbA==",
          "dependencies": [
            "aws_s3_bucket.nexly_bucket_profile_image_students"
          ]
        }
      ]
    },
    {
      "mode": "managed",
      "type": "aws_s3_bucket_public_access_block",
      "name": "controle_de_acls_documentos",
      "provider": "provider[\"registry.terraform.io/hashicorp/aws\"]",
      "instances": [
        {
          "schema_version": 0,
          "attributes": {
            "block_public_acls": false,
            "block_public_policy": false,
            "bucket": "nexly-documents-001",
            "id": "nexly-documents-001",
            "ignore_public_acls": false,
            "restrict_public_buckets": false
          },
          "sensitive_attributes": [],
          "private": "bnVsbA==",
          "dependencies": [
            "aws_s3_bucket.nexly_bucket_document"
          ]
        }
      ]
    },
    {
      "mode": "managed",
      "type": "aws_s3_bucket_public_access_block",
      "name": "controle_de_acls_lessons",
      "provider": "provider[\"registry.terraform.io/hashicorp/aws\"]",
      "instances": [
        {
          "schema_version": 0,
          "attributes": {
            "block_public_acls": false,
            "block_public_policy": false,
            "bucket": "nexly-lessons-producer-001",
            "id": "nexly-lessons-producer-001",
            "ignore_public_acls": false,
            "restrict_public_buckets": false
          },
          "sensitive_attributes": [],
          "private": "bnVsbA==",
          "dependencies": [
            "aws_s3_bucket.nexly_bucket_lessons_producer"
          ]
        }
      ]
    },
    {
      "mode": "managed",
      "type": "aws_s3_bucket_public_access_block",
      "name": "controle_de_acls_producer",
      "provider": "provider[\"registry.terraform.io/hashicorp/aws\"]",
      "instances": [
        {
          "schema_version": 0,
          "attributes": {
            "block_public_acls": false,
            "block_public_policy": false,
            "bucket": "nexly-profile-images-producer-001",
            "id": "nexly-profile-images-producer-001",
            "ignore_public_acls": false,
            "restrict_public_buckets": false
          },
          "sensitive_attributes": [],
          "private": "bnVsbA==",
          "dependencies": [
            "aws_s3_bucket.nexly_bucket_profile_image_producer"
          ]
        }
      ]
    },
    {
      "mode": "managed",
      "type": "aws_s3_bucket_public_access_block",
      "name": "controle_de_acls_students",
      "provider": "provider[\"registry.terraform.io/hashicorp/aws\"]",
      "instances": [
        {
          "schema_version": 0,
          "attributes": {
            "block_public_acls": false,
            "block_public_policy": false,
            "bucket": "nexly-profile-images-students-001",
            "id": "nexly-profile-images-students-001",
            "ignore_public_acls": false,
            "restrict_public_buckets": false
          },
          "sensitive_attributes": [],
          "private": "bnVsbA==",
          "dependencies": [
            "aws_s3_bucket.nexly_bucket_profile_image_students"
          ]
        }
      ]
    },
    {
      "mode": "managed",
      "type": "aws_security_group",
      "name": "access_ssh_ec2",
      "provider": "provider[\"registry.terraform.io/hashicorp/aws\"]",
      "instances": [
        {
          "schema_version": 1,
          "attributes": {
            "arn": "arn:aws:ec2:us-east-1:562829762205:security-group/sg-048c2bc6cf066bafd",
            "description": "Managed by Terraform",
            "egress": [
              {
                "cidr_blocks": [
                  "0.0.0.0/0"
                ],
                "description": "",
                "from_port": 22,
                "ipv6_cidr_blocks": [],
                "prefix_list_ids": [],
                "protocol": "tcp",
                "security_groups": [],
                "self": false,
                "to_port": 22
              }
            ],
            "id": "sg-048c2bc6cf066bafd",
            "ingress": [
              {
                "cidr_blocks": [
                  "0.0.0.0/0"
                ],
                "description": "",
                "from_port": 22,
                "ipv6_cidr_blocks": [],
                "prefix_list_ids": [],
                "protocol": "tcp",
                "security_groups": [],
                "self": false,
                "to_port": 22
              }
            ],
            "name": "access_ssh",
            "name_prefix": "",
            "owner_id": "562829762205",
            "revoke_rules_on_delete": false,
            "tags": null,
            "tags_all": {},
            "timeouts": null,
            "vpc_id": "vpc-0e1853a9588f5dc96"
          },
          "sensitive_attributes": [],
          "private": "eyJlMmJmYjczMC1lY2FhLTExZTYtOGY4OC0zNDM2M2JjN2M0YzAiOnsiY3JlYXRlIjo2MDAwMDAwMDAwMDAsImRlbGV0ZSI6OTAwMDAwMDAwMDAwfSwic2NoZW1hX3ZlcnNpb24iOiIxIn0="
        }
      ]
    }
  ],
  "check_results": null
}
