{
  "version": 4,
  "terraform_version": "1.5.6",
  "serial": 99,
  "lineage": "4a33379f-f27f-8609-e362-fe13d874d644",
  "outputs": {},
  "resources": [
    {
      "mode": "managed",
      "type": "aws_instance",
      "name": "intance_debian",
      "provider": "provider[\"registry.terraform.io/hashicorp/aws\"]",
      "instances": [
        {
          "schema_version": 1,
          "attributes": {
            "ami": "ami-06db4d78cb1d3bbf9",
            "arn": "arn:aws:ec2:us-east-1:562829762205:instance/i-0666fc95befcdc43b",
            "associate_public_ip_address": true,
            "availability_zone": "us-east-1d",
            "capacity_reservation_specification": [
              {
                "capacity_reservation_preference": "open",
                "capacity_reservation_target": []
              }
            ],
            "cpu_core_count": 2,
            "cpu_options": [
              {
                "amd_sev_snp": "",
                "core_count": 2,
                "threads_per_core": 1
              }
            ],
            "cpu_threads_per_core": 1,
            "credit_specification": [
              {
                "cpu_credits": "standard"
              }
            ],
            "disable_api_stop": false,
            "disable_api_termination": false,
            "ebs_block_device": [],
            "ebs_optimized": false,
            "enclave_options": [
              {
                "enabled": false
              }
            ],
            "ephemeral_block_device": [],
            "get_password_data": false,
            "hibernation": false,
            "host_id": "",
            "host_resource_group_arn": null,
            "iam_instance_profile": "",
            "id": "i-0666fc95befcdc43b",
            "instance_initiated_shutdown_behavior": "stop",
            "instance_lifecycle": "",
            "instance_market_options": [],
            "instance_state": "running",
            "instance_type": "t2.medium",
            "ipv6_address_count": 0,
            "ipv6_addresses": [],
            "key_name": "nexly-key",
            "launch_template": [],
            "maintenance_options": [
              {
                "auto_recovery": "default"
              }
            ],
            "metadata_options": [
              {
                "http_endpoint": "enabled",
                "http_protocol_ipv6": "disabled",
                "http_put_response_hop_limit": 1,
                "http_tokens": "optional",
                "instance_metadata_tags": "disabled"
              }
            ],
            "monitoring": false,
            "network_interface": [],
            "outpost_arn": "",
            "password_data": "",
            "placement_group": "",
            "placement_partition_number": 0,
            "primary_network_interface_id": "eni-0e27be58fdceb1275",
            "private_dns": "ip-172-31-94-229.ec2.internal",
            "private_dns_name_options": [
              {
                "enable_resource_name_dns_a_record": false,
                "enable_resource_name_dns_aaaa_record": false,
                "hostname_type": "ip-name"
              }
            ],
            "private_ip": "172.31.94.229",
            "public_dns": "ec2-54-237-193-70.compute-1.amazonaws.com",
            "public_ip": "54.237.193.70",
            "root_block_device": [
              {
                "delete_on_termination": true,
                "device_name": "/dev/xvda",
                "encrypted": false,
                "iops": 3000,
                "kms_key_id": "",
                "tags": {},
                "throughput": 125,
                "volume_id": "vol-09eea447de04e8617",
                "volume_size": 8,
                "volume_type": "gp3"
              }
            ],
            "secondary_private_ips": [],
            "security_groups": [
              "default"
            ],
            "source_dest_check": true,
            "spot_instance_request_id": "",
            "subnet_id": "subnet-09dcba28f4f87dab6",
            "tags": null,
            "tags_all": {},
            "tenancy": "default",
            "timeouts": null,
            "user_data": null,
            "user_data_base64": null,
            "user_data_replace_on_change": false,
            "volume_tags": null,
            "vpc_security_group_ids": [
              "sg-0cf250b9bde334efa"
            ]
          },
          "sensitive_attributes": [],
          "private": "eyJlMmJmYjczMC1lY2FhLTExZTYtOGY4OC0zNDM2M2JjN2M0YzAiOnsiY3JlYXRlIjo2MDAwMDAwMDAwMDAsImRlbGV0ZSI6MTIwMDAwMDAwMDAwMCwidXBkYXRlIjo2MDAwMDAwMDAwMDB9LCJzY2hlbWFfdmVyc2lvbiI6IjEifQ==",
          "dependencies": [
            "aws_key_pair.key_instance"
          ]
        }
      ]
    },
    {
      "mode": "managed",
      "type": "aws_key_pair",
      "name": "key_instance",
      "provider": "provider[\"registry.terraform.io/hashicorp/aws\"]",
      "instances": [
        {
          "schema_version": 1,
          "attributes": {
            "arn": "arn:aws:ec2:us-east-1:562829762205:key-pair/nexly-key",
            "fingerprint": "f9:57:34:19:0a:f6:b4:b1:b1:54:bc:a1:06:a9:8e:c3",
            "id": "nexly-key",
            "key_name": "nexly-key",
            "key_name_prefix": "",
            "key_pair_id": "key-0f28c021416702de9",
            "key_type": "rsa",
            "public_key": "ssh-rsa AAAAB3NzaC1yc2EAAAADAQABAAABgQDQssU4ZckKq3ndmBvZpg6yPuWzBZDDPDjlCGRjFj6KnqfM6hHT4vKVL6kNKhXgv6c98mac8CzHxkiZ+jRxRKHjtjdFdGUmZU3+rbLzhosmjAkmJHP3bWGa4celEzkt6eBHxk32wAwi/M9RoBhsaiQeZ8i0xm3YiS5FkEYOkX7tbf5XfNe2iarCaNkM7FnOW6zgbuCi8zbKSWlgV0DdeoC4KMvoF5P9yI7gKPBi5gv4gCEZqQ1jWX0iT3vXdFDso3ulNTFT5mNlSXClKuE06A95lzfdiR6JllCkqVsy6//aEVrC3XsxIfHG30UftGWFRZ0o0PltzjRj4AqZJuF2vbA4gUurPDE1W4TGzfYJ5eaK4EvX397kzSNVRRjtU6jaomr+SiM49K8UuIoYX4z4x18fPI5bpcSdRuhufiUeCI3JFrjfcUmzh/jUJA3KVBKXYON1hcUea4FEbedm1lF7I5bN5MiQV8ze70ogkj+iqw5hdiEyXtpbiI2NWwvb6Phq5eU= root@raul-Lenovo-G40-80",
            "tags": null,
            "tags_all": {}
          },
          "sensitive_attributes": [],
          "private": "eyJzY2hlbWFfdmVyc2lvbiI6IjEifQ=="
        }
      ]
    },
    {
      "mode": "managed",
      "type": "aws_s3_bucket",
      "name": "nexly_bucket_document",
      "provider": "provider[\"registry.terraform.io/hashicorp/aws\"]",
      "instances": [
        {
          "schema_version": 0,
          "attributes": {
            "acceleration_status": "",
            "acl": null,
            "arn": "arn:aws:s3:::nexly-documents-001",
            "bucket": "nexly-documents-001",
            "bucket_domain_name": "nexly-documents-001.s3.amazonaws.com",
            "bucket_prefix": "",
            "bucket_regional_domain_name": "nexly-documents-001.s3.us-east-1.amazonaws.com",
            "cors_rule": [],
            "force_destroy": false,
            "grant": [
              {
                "id": "52b8ea869e9d0f7364df1e64c744e15a5139d7f456d2304a1902e5b558f4b4c6",
                "permissions": [
                  "FULL_CONTROL"
                ],
                "type": "CanonicalUser",
                "uri": ""
              }
            ],
            "hosted_zone_id": "Z3AQBSTGFYJSTF",
            "id": "nexly-documents-001",
            "lifecycle_rule": [],
            "logging": [],
            "object_lock_configuration": [],
            "object_lock_enabled": false,
            "policy": "",
            "region": "us-east-1",
            "replication_configuration": [],
            "request_payer": "BucketOwner",
            "server_side_encryption_configuration": [
              {
                "rule": [
                  {
                    "apply_server_side_encryption_by_default": [
                      {
                        "kms_master_key_id": "",
                        "sse_algorithm": "AES256"
                      }
                    ],
                    "bucket_key_enabled": false
                  }
                ]
              }
            ],
            "tags": {
              "Environment": "Dev e prod",
              "Menage": "Terraform",
              "Name": "Bucket para upload de docs",
              "Owner": "RyanD3g"
            },
            "tags_all": {
              "Environment": "Dev e prod",
              "Menage": "Terraform",
              "Name": "Bucket para upload de docs",
              "Owner": "RyanD3g"
            },
            "timeouts": null,
            "versioning": [
              {
                "enabled": false,
                "mfa_delete": false
              }
            ],
            "website": [],
            "website_domain": null,
            "website_endpoint": null
          },
          "sensitive_attributes": [],
          "private": "eyJlMmJmYjczMC1lY2FhLTExZTYtOGY4OC0zNDM2M2JjN2M0YzAiOnsiY3JlYXRlIjoxMjAwMDAwMDAwMDAwLCJkZWxldGUiOjM2MDAwMDAwMDAwMDAsInJlYWQiOjEyMDAwMDAwMDAwMDAsInVwZGF0ZSI6MTIwMDAwMDAwMDAwMH19"
        }
      ]
    },
    {
      "mode": "managed",
      "type": "aws_s3_bucket",
      "name": "nexly_bucket_lessons_producer",
      "provider": "provider[\"registry.terraform.io/hashicorp/aws\"]",
      "instances": [
        {
          "schema_version": 0,
          "attributes": {
            "acceleration_status": "",
            "acl": null,
            "arn": "arn:aws:s3:::nexly-lessons-producer-001",
            "bucket": "nexly-lessons-producer-001",
            "bucket_domain_name": "nexly-lessons-producer-001.s3.amazonaws.com",
            "bucket_prefix": "",
            "bucket_regional_domain_name": "nexly-lessons-producer-001.s3.us-east-1.amazonaws.com",
            "cors_rule": [],
            "force_destroy": false,
            "grant": [
              {
                "id": "52b8ea869e9d0f7364df1e64c744e15a5139d7f456d2304a1902e5b558f4b4c6",
                "permissions": [
                  "FULL_CONTROL"
                ],
                "type": "CanonicalUser",
                "uri": ""
              }
            ],
            "hosted_zone_id": "Z3AQBSTGFYJSTF",
            "id": "nexly-lessons-producer-001",
            "lifecycle_rule": [],
            "logging": [],
            "object_lock_configuration": [],
            "object_lock_enabled": false,
            "policy": "",
            "region": "us-east-1",
            "replication_configuration": [],
            "request_payer": "BucketOwner",
            "server_side_encryption_configuration": [
              {
                "rule": [
                  {
                    "apply_server_side_encryption_by_default": [
                      {
                        "kms_master_key_id": "",
                        "sse_algorithm": "AES256"
                      }
                    ],
                    "bucket_key_enabled": false
                  }
                ]
              }
            ],
            "tags": {
              "Environment": "Dev e prod",
              "Menage": "Terraform",
              "Name": "Bucket para upload de imagens de produtores",
              "Owner": "RyanD3g"
            },
            "tags_all": {
              "Environment": "Dev e prod",
              "Menage": "Terraform",
              "Name": "Bucket para upload de imagens de produtores",
              "Owner": "RyanD3g"
            },
            "timeouts": null,
            "versioning": [
              {
                "enabled": false,
                "mfa_delete": false
              }
            ],
            "website": [],
            "website_domain": null,
            "website_endpoint": null
          },
          "sensitive_attributes": [],
          "private": "eyJlMmJmYjczMC1lY2FhLTExZTYtOGY4OC0zNDM2M2JjN2M0YzAiOnsiY3JlYXRlIjoxMjAwMDAwMDAwMDAwLCJkZWxldGUiOjM2MDAwMDAwMDAwMDAsInJlYWQiOjEyMDAwMDAwMDAwMDAsInVwZGF0ZSI6MTIwMDAwMDAwMDAwMH19"
        }
      ]
    },
    {
      "mode": "managed",
      "type": "aws_s3_bucket",
      "name": "nexly_bucket_profile_image_producer",
      "provider": "provider[\"registry.terraform.io/hashicorp/aws\"]",
      "instances": [
        {
          "schema_version": 0,
          "attributes": {
            "acceleration_status": "",
            "acl": null,
            "arn": "arn:aws:s3:::nexly-profile-images-producer-001",
            "bucket": "nexly-profile-images-producer-001",
            "bucket_domain_name": "nexly-profile-images-producer-001.s3.amazonaws.com",
            "bucket_prefix": "",
            "bucket_regional_domain_name": "nexly-profile-images-producer-001.s3.us-east-1.amazonaws.com",
            "cors_rule": [],
            "force_destroy": false,
            "grant": [
              {
                "id": "52b8ea869e9d0f7364df1e64c744e15a5139d7f456d2304a1902e5b558f4b4c6",
                "permissions": [
                  "FULL_CONTROL"
                ],
                "type": "CanonicalUser",
                "uri": ""
              }
            ],
            "hosted_zone_id": "Z3AQBSTGFYJSTF",
            "id": "nexly-profile-images-producer-001",
            "lifecycle_rule": [],
            "logging": [],
            "object_lock_configuration": [],
            "object_lock_enabled": false,
            "policy": "",
            "region": "us-east-1",
            "replication_configuration": [],
            "request_payer": "BucketOwner",
            "server_side_encryption_configuration": [
              {
                "rule": [
                  {
                    "apply_server_side_encryption_by_default": [
                      {
                        "kms_master_key_id": "",
                        "sse_algorithm": "AES256"
                      }
                    ],
                    "bucket_key_enabled": false
                  }
                ]
              }
            ],
            "tags": {
              "Environment": "Dev e prod",
              "Menage": "Terraform",
              "Name": "Bucket para upload de imagens de produtores",
              "Owner": "RyanD3g"
            },
            "tags_all": {
              "Environment": "Dev e prod",
              "Menage": "Terraform",
              "Name": "Bucket para upload de imagens de produtores",
              "Owner": "RyanD3g"
            },
            "timeouts": null,
            "versioning": [
              {
                "enabled": false,
                "mfa_delete": false
              }
            ],
            "website": [],
            "website_domain": null,
            "website_endpoint": null
          },
          "sensitive_attributes": [],
          "private": "eyJlMmJmYjczMC1lY2FhLTExZTYtOGY4OC0zNDM2M2JjN2M0YzAiOnsiY3JlYXRlIjoxMjAwMDAwMDAwMDAwLCJkZWxldGUiOjM2MDAwMDAwMDAwMDAsInJlYWQiOjEyMDAwMDAwMDAwMDAsInVwZGF0ZSI6MTIwMDAwMDAwMDAwMH19"
        }
      ]
    },
    {
      "mode": "managed",
      "type": "aws_s3_bucket",
      "name": "nexly_bucket_profile_image_students",
      "provider": "provider[\"registry.terraform.io/hashicorp/aws\"]",
      "instances": [
        {
          "schema_version": 0,
          "attributes": {
            "acceleration_status": "",
            "acl": null,
            "arn": "arn:aws:s3:::nexly-profile-images-students-001",
            "bucket": "nexly-profile-images-students-001",
            "bucket_domain_name": "nexly-profile-images-students-001.s3.amazonaws.com",
            "bucket_prefix": "",
            "bucket_regional_domain_name": "nexly-profile-images-students-001.s3.us-east-1.amazonaws.com",
            "cors_rule": [],
            "force_destroy": false,
            "grant": [
              {
                "id": "52b8ea869e9d0f7364df1e64c744e15a5139d7f456d2304a1902e5b558f4b4c6",
                "permissions": [
                  "FULL_CONTROL"
                ],
                "type": "CanonicalUser",
                "uri": ""
              }
            ],
            "hosted_zone_id": "Z3AQBSTGFYJSTF",
            "id": "nexly-profile-images-students-001",
            "lifecycle_rule": [],
            "logging": [],
            "object_lock_configuration": [],
            "object_lock_enabled": false,
            "policy": "",
            "region": "us-east-1",
            "replication_configuration": [],
            "request_payer": "BucketOwner",
            "server_side_encryption_configuration": [
              {
                "rule": [
                  {
                    "apply_server_side_encryption_by_default": [
                      {
                        "kms_master_key_id": "",
                        "sse_algorithm": "AES256"
                      }
                    ],
                    "bucket_key_enabled": false
                  }
                ]
              }
            ],
            "tags": {
              "Environment": "Dev e prod",
              "Menage": "Terraform",
              "Name": "Bucket para upload de imagens de estudantes ou usuarios",
              "Owner": "RyanD3g"
            },
            "tags_all": {
              "Environment": "Dev e prod",
              "Menage": "Terraform",
              "Name": "Bucket para upload de imagens de estudantes ou usuarios",
              "Owner": "RyanD3g"
            },
            "timeouts": null,
            "versioning": [
              {
                "enabled": false,
                "mfa_delete": false
              }
            ],
            "website": [],
            "website_domain": null,
            "website_endpoint": null
          },
          "sensitive_attributes": [],
          "private": "eyJlMmJmYjczMC1lY2FhLTExZTYtOGY4OC0zNDM2M2JjN2M0YzAiOnsiY3JlYXRlIjoxMjAwMDAwMDAwMDAwLCJkZWxldGUiOjM2MDAwMDAwMDAwMDAsInJlYWQiOjEyMDAwMDAwMDAwMDAsInVwZGF0ZSI6MTIwMDAwMDAwMDAwMH19"
        }
      ]
    },
    {
      "mode": "managed",
      "type": "aws_s3_bucket_acl",
      "name": "acls_documentos",
      "provider": "provider[\"registry.terraform.io/hashicorp/aws\"]",
      "instances": [
        {
          "schema_version": 0,
          "attributes": {
            "access_control_policy": [
              {
                "grant": [
                  {
                    "grantee": [
                      {
                        "display_name": "comercial",
                        "email_address": "",
                        "id": "52b8ea869e9d0f7364df1e64c744e15a5139d7f456d2304a1902e5b558f4b4c6",
                        "type": "CanonicalUser",
                        "uri": ""
                      }
                    ],
                    "permission": "FULL_CONTROL"
                  }
                ],
                "owner": [
                  {
                    "display_name": "comercial",
                    "id": "52b8ea869e9d0f7364df1e64c744e15a5139d7f456d2304a1902e5b558f4b4c6"
                  }
                ]
              }
            ],
            "acl": "private",
            "bucket": "nexly-documents-001",
            "expected_bucket_owner": "",
            "id": "nexly-documents-001,private"
          },
          "sensitive_attributes": [],
          "private": "bnVsbA==",
          "dependencies": [
            "aws_s3_bucket.nexly_bucket_document",
            "aws_s3_bucket_ownership_controls.controle_de_propriedade_documentos",
            "aws_s3_bucket_public_access_block.controle_de_acls_documentos"
          ]
        }
      ]
    },
    {
      "mode": "managed",
      "type": "aws_s3_bucket_acl",
      "name": "acls_lessons",
      "provider": "provider[\"registry.terraform.io/hashicorp/aws\"]",
      "instances": [
        {
          "schema_version": 0,
          "attributes": {
            "access_control_policy": [
              {
                "grant": [
                  {
                    "grantee": [
                      {
                        "display_name": "comercial",
                        "email_address": "",
                        "id": "52b8ea869e9d0f7364df1e64c744e15a5139d7f456d2304a1902e5b558f4b4c6",
                        "type": "CanonicalUser",
                        "uri": ""
                      }
                    ],
                    "permission": "FULL_CONTROL"
                  }
                ],
                "owner": [
                  {
                    "display_name": "comercial",
                    "id": "52b8ea869e9d0f7364df1e64c744e15a5139d7f456d2304a1902e5b558f4b4c6"
                  }
                ]
              }
            ],
            "acl": "private",
            "bucket": "nexly-lessons-producer-001",
            "expected_bucket_owner": "",
            "id": "nexly-lessons-producer-001,private"
          },
          "sensitive_attributes": [],
          "private": "bnVsbA==",
          "dependencies": [
            "aws_s3_bucket.nexly_bucket_lessons_producer",
            "aws_s3_bucket_ownership_controls.controle_de_propriedade_lessons",
            "aws_s3_bucket_public_access_block.controle_de_acls_lessons"
          ]
        }
      ]
    },
    {
      "mode": "managed",
      "type": "aws_s3_bucket_acl",
      "name": "acls_producer",
      "provider": "provider[\"registry.terraform.io/hashicorp/aws\"]",
      "instances": [
        {
          "schema_version": 0,
          "attributes": {
            "access_control_policy": [
              {
                "grant": [
                  {
                    "grantee": [
                      {
                        "display_name": "comercial",
                        "email_address": "",
                        "id": "52b8ea869e9d0f7364df1e64c744e15a5139d7f456d2304a1902e5b558f4b4c6",
                        "type": "CanonicalUser",
                        "uri": ""
                      }
                    ],
                    "permission": "FULL_CONTROL"
                  }
                ],
                "owner": [
                  {
                    "display_name": "comercial",
                    "id": "52b8ea869e9d0f7364df1e64c744e15a5139d7f456d2304a1902e5b558f4b4c6"
                  }
                ]
              }
            ],
            "acl": "private",
            "bucket": "nexly-profile-images-producer-001",
            "expected_bucket_owner": "",
            "id": "nexly-profile-images-producer-001,private"
          },
          "sensitive_attributes": [],
          "private": "bnVsbA==",
          "dependencies": [
            "aws_s3_bucket.nexly_bucket_profile_image_producer",
            "aws_s3_bucket_ownership_controls.controle_de_propriedade_producer",
            "aws_s3_bucket_public_access_block.controle_de_acls_producer"
          ]
        }
      ]
    },
    {
      "mode": "managed",
      "type": "aws_s3_bucket_acl",
      "name": "acls_students",
      "provider": "provider[\"registry.terraform.io/hashicorp/aws\"]",
      "instances": [
        {
          "schema_version": 0,
          "attributes": {
            "access_control_policy": [
              {
                "grant": [
                  {
                    "grantee": [
                      {
                        "display_name": "comercial",
                        "email_address": "",
                        "id": "52b8ea869e9d0f7364df1e64c744e15a5139d7f456d2304a1902e5b558f4b4c6",
                        "type": "CanonicalUser",
                        "uri": ""
                      }
                    ],
                    "permission": "FULL_CONTROL"
                  }
                ],
                "owner": [
                  {
                    "display_name": "comercial",
                    "id": "52b8ea869e9d0f7364df1e64c744e15a5139d7f456d2304a1902e5b558f4b4c6"
                  }
                ]
              }
            ],
            "acl": "private",
            "bucket": "nexly-profile-images-students-001",
            "expected_bucket_owner": "",
            "id": "nexly-profile-images-students-001,private"
          },
          "sensitive_attributes": [],
          "private": "bnVsbA==",
          "dependencies": [
            "aws_s3_bucket.nexly_bucket_profile_image_students",
            "aws_s3_bucket_ownership_controls.controle_de_propriedade_students",
            "aws_s3_bucket_public_access_block.controle_de_acls_students"
          ]
        }
      ]
    },
    {
      "mode": "managed",
      "type": "aws_s3_bucket_ownership_controls",
      "name": "controle_de_propriedade_documentos",
      "provider": "provider[\"registry.terraform.io/hashicorp/aws\"]",
      "instances": [
        {
          "schema_version": 0,
          "attributes": {
            "bucket": "nexly-documents-001",
            "id": "nexly-documents-001",
            "rule": [
              {
                "object_ownership": "BucketOwnerPreferred"
              }
            ]
          },
          "sensitive_attributes": [],
          "private": "bnVsbA==",
          "dependencies": [
            "aws_s3_bucket.nexly_bucket_document"
          ]
        }
      ]
    },
    {
      "mode": "managed",
      "type": "aws_s3_bucket_ownership_controls",
      "name": "controle_de_propriedade_lessons",
      "provider": "provider[\"registry.terraform.io/hashicorp/aws\"]",
      "instances": [
        {
          "schema_version": 0,
          "attributes": {
            "bucket": "nexly-lessons-producer-001",
            "id": "nexly-lessons-producer-001",
            "rule": [
              {
                "object_ownership": "BucketOwnerPreferred"
              }
            ]
          },
          "sensitive_attributes": [],
          "private": "bnVsbA==",
          "dependencies": [
            "aws_s3_bucket.nexly_bucket_lessons_producer"
          ]
        }
      ]
    },
    {
      "mode": "managed",
      "type": "aws_s3_bucket_ownership_controls",
      "name": "controle_de_propriedade_producer",
      "provider": "provider[\"registry.terraform.io/hashicorp/aws\"]",
      "instances": [
        {
          "schema_version": 0,
          "attributes": {
            "bucket": "nexly-profile-images-producer-001",
            "id": "nexly-profile-images-producer-001",
            "rule": [
              {
                "object_ownership": "BucketOwnerPreferred"
              }
            ]
          },
          "sensitive_attributes": [],
          "private": "bnVsbA==",
          "dependencies": [
            "aws_s3_bucket.nexly_bucket_profile_image_producer"
          ]
        }
      ]
    },
    {
      "mode": "managed",
      "type": "aws_s3_bucket_ownership_controls",
      "name": "controle_de_propriedade_students",
      "provider": "provider[\"registry.terraform.io/hashicorp/aws\"]",
      "instances": [
        {
          "schema_version": 0,
          "attributes": {
            "bucket": "nexly-profile-images-students-001",
            "id": "nexly-profile-images-students-001",
            "rule": [
              {
                "object_ownership": "BucketOwnerPreferred"
              }
            ]
          },
          "sensitive_attributes": [],
          "private": "bnVsbA==",
          "dependencies": [
            "aws_s3_bucket.nexly_bucket_profile_image_students"
          ]
        }
      ]
    },
    {
      "mode": "managed",
      "type": "aws_s3_bucket_public_access_block",
      "name": "controle_de_acls_documentos",
      "provider": "provider[\"registry.terraform.io/hashicorp/aws\"]",
      "instances": [
        {
          "schema_version": 0,
          "attributes": {
            "block_public_acls": false,
            "block_public_policy": false,
            "bucket": "nexly-documents-001",
            "id": "nexly-documents-001",
            "ignore_public_acls": false,
            "restrict_public_buckets": false
          },
          "sensitive_attributes": [],
          "private": "bnVsbA==",
          "dependencies": [
            "aws_s3_bucket.nexly_bucket_document"
          ]
        }
      ]
    },
    {
      "mode": "managed",
      "type": "aws_s3_bucket_public_access_block",
      "name": "controle_de_acls_lessons",
      "provider": "provider[\"registry.terraform.io/hashicorp/aws\"]",
      "instances": [
        {
          "schema_version": 0,
          "attributes": {
            "block_public_acls": false,
            "block_public_policy": false,
            "bucket": "nexly-lessons-producer-001",
            "id": "nexly-lessons-producer-001",
            "ignore_public_acls": false,
            "restrict_public_buckets": false
          },
          "sensitive_attributes": [],
          "private": "bnVsbA==",
          "dependencies": [
            "aws_s3_bucket.nexly_bucket_lessons_producer"
          ]
        }
      ]
    },
    {
      "mode": "managed",
      "type": "aws_s3_bucket_public_access_block",
      "name": "controle_de_acls_producer",
      "provider": "provider[\"registry.terraform.io/hashicorp/aws\"]",
      "instances": [
        {
          "schema_version": 0,
          "attributes": {
            "block_public_acls": false,
            "block_public_policy": false,
            "bucket": "nexly-profile-images-producer-001",
            "id": "nexly-profile-images-producer-001",
            "ignore_public_acls": false,
            "restrict_public_buckets": false
          },
          "sensitive_attributes": [],
          "private": "bnVsbA==",
          "dependencies": [
            "aws_s3_bucket.nexly_bucket_profile_image_producer"
          ]
        }
      ]
    },
    {
      "mode": "managed",
      "type": "aws_s3_bucket_public_access_block",
      "name": "controle_de_acls_students",
      "provider": "provider[\"registry.terraform.io/hashicorp/aws\"]",
      "instances": [
        {
          "schema_version": 0,
          "attributes": {
            "block_public_acls": false,
            "block_public_policy": false,
            "bucket": "nexly-profile-images-students-001",
            "id": "nexly-profile-images-students-001",
            "ignore_public_acls": false,
            "restrict_public_buckets": false
          },
          "sensitive_attributes": [],
          "private": "bnVsbA==",
          "dependencies": [
            "aws_s3_bucket.nexly_bucket_profile_image_students"
          ]
        }
      ]
    }
  ],
  "check_results": null
}
